// !$*UTF8*$!
{
	archiveVersion = 1;
	classes = {
	};
	objectVersion = 52;
	objects = {

/* Begin PBXBuildFile section */
		1905DA192507A22700D74BA7 /* CreateTodayTag.swift in Sources */ = {isa = PBXBuildFile; fileRef = 1905DA182507A22700D74BA7 /* CreateTodayTag.swift */; };
		1905DA1B2507A5E700D74BA7 /* AddTodayTag.swift in Sources */ = {isa = PBXBuildFile; fileRef = 1905DA1A2507A5E700D74BA7 /* AddTodayTag.swift */; };
		1905DA1E2507ABAE00D74BA7 /* Date.swift in Sources */ = {isa = PBXBuildFile; fileRef = 1905DA1D2507ABAE00D74BA7 /* Date.swift */; };
		193704A1252C0539004FF6A5 /* Project+Extensions.swift in Sources */ = {isa = PBXBuildFile; fileRef = 193704A0252C0539004FF6A5 /* Project+Extensions.swift */; };
		193704AF252D46BD004FF6A5 /* ProjectAddView.swift in Sources */ = {isa = PBXBuildFile; fileRef = 193704AE252D46BD004FF6A5 /* ProjectAddView.swift */; };
		19484DC824F5302000824347 /* BottomTextFieldSheetModal.swift in Sources */ = {isa = PBXBuildFile; fileRef = 19484DC724F5302000824347 /* BottomTextFieldSheetModal.swift */; };
		1952D8B024E6CF850008C975 /* KeyboardAwareModifier.swift in Sources */ = {isa = PBXBuildFile; fileRef = 1952D8AF24E6CF850008C975 /* KeyboardAwareModifier.swift */; };
		19578B6824FB065C0041B165 /* TagBubble.swift in Sources */ = {isa = PBXBuildFile; fileRef = 19578B6724FB065C0041B165 /* TagBubble.swift */; };
		197EA4CF2529A24C00317E53 /* TopView.swift in Sources */ = {isa = PBXBuildFile; fileRef = 197EA4CE2529A24C00317E53 /* TopView.swift */; };
		197EA4D72529A83500317E53 /* ProjectRow.swift in Sources */ = {isa = PBXBuildFile; fileRef = 197EA4D62529A83500317E53 /* ProjectRow.swift */; };
		198B13572537C10D00CDA3A6 /* ProjectSelectView.swift in Sources */ = {isa = PBXBuildFile; fileRef = 198B13562537C10D00CDA3A6 /* ProjectSelectView.swift */; };
		19C2489424E916D2001D04A3 /* MultilineTextField.swift in Sources */ = {isa = PBXBuildFile; fileRef = 19C2489324E916D2001D04A3 /* MultilineTextField.swift */; };
		19DABEF9252EE90C000FB6AE /* ProjectFormView.swift in Sources */ = {isa = PBXBuildFile; fileRef = 19DABEF8252EE90C000FB6AE /* ProjectFormView.swift */; };
		19DABEFE252EEB3B000FB6AE /* ProjectEditView.swift in Sources */ = {isa = PBXBuildFile; fileRef = 19DABEFD252EEB3B000FB6AE /* ProjectEditView.swift */; };
		19E6F1A32502FB78004561C8 /* SearchView.swift in Sources */ = {isa = PBXBuildFile; fileRef = 19E6F1A22502FB78004561C8 /* SearchView.swift */; };
		19F265C0253E60E70075D89F /* UIApplication.swift in Sources */ = {isa = PBXBuildFile; fileRef = 19F265BF253E60E70075D89F /* UIApplication.swift */; };
		19F5BA6824E5521A002B02CF /* TaskEditView.swift in Sources */ = {isa = PBXBuildFile; fileRef = 19F5BA6724E5521A002B02CF /* TaskEditView.swift */; };
		19F5BA6C24E57021002B02CF /* IMETextField.swift in Sources */ = {isa = PBXBuildFile; fileRef = 19F5BA6B24E57021002B02CF /* IMETextField.swift */; };
		19F8F4BA24F218CC00F352EA /* SettingMenuView.swift in Sources */ = {isa = PBXBuildFile; fileRef = 19F8F4B924F218CC00F352EA /* SettingMenuView.swift */; };
		19F8F4BC24F2216900F352EA /* TagView.swift in Sources */ = {isa = PBXBuildFile; fileRef = 19F8F4BB24F2216900F352EA /* TagView.swift */; };
		8018185D253D82590023A9B9 /* FirebaseCrashlytics in Frameworks */ = {isa = PBXBuildFile; productRef = 8018185C253D82590023A9B9 /* FirebaseCrashlytics */; };
		8021776E24EFEFC50076A24C /* TagList.swift in Sources */ = {isa = PBXBuildFile; fileRef = 8021776D24EFEFC50076A24C /* TagList.swift */; };
		8021777024EFF0A30076A24C /* Tag+Extensions.swift in Sources */ = {isa = PBXBuildFile; fileRef = 8021776F24EFF0A30076A24C /* Tag+Extensions.swift */; };
		8044679424DF97CC00011164 /* AppDelegate.swift in Sources */ = {isa = PBXBuildFile; fileRef = 8044679324DF97CC00011164 /* AppDelegate.swift */; };
		8044679624DF97CC00011164 /* SceneDelegate.swift in Sources */ = {isa = PBXBuildFile; fileRef = 8044679524DF97CC00011164 /* SceneDelegate.swift */; };
		8044679924DF97CC00011164 /* FirstTask.xcdatamodeld in Sources */ = {isa = PBXBuildFile; fileRef = 8044679724DF97CC00011164 /* FirstTask.xcdatamodeld */; };
		8044679B24DF97CC00011164 /* ContentView.swift in Sources */ = {isa = PBXBuildFile; fileRef = 8044679A24DF97CC00011164 /* ContentView.swift */; };
		8044679D24DF97D000011164 /* Assets.xcassets in Resources */ = {isa = PBXBuildFile; fileRef = 8044679C24DF97D000011164 /* Assets.xcassets */; };
		804467A024DF97D000011164 /* Preview Assets.xcassets in Resources */ = {isa = PBXBuildFile; fileRef = 8044679F24DF97D000011164 /* Preview Assets.xcassets */; };
		804467A324DF97D000011164 /* LaunchScreen.storyboard in Resources */ = {isa = PBXBuildFile; fileRef = 804467A124DF97D000011164 /* LaunchScreen.storyboard */; };
		804467AE24DF97D000011164 /* FirstTaskTests.swift in Sources */ = {isa = PBXBuildFile; fileRef = 804467AD24DF97D000011164 /* FirstTaskTests.swift */; };
		804467B924DF97D000011164 /* FirstTaskUITests.swift in Sources */ = {isa = PBXBuildFile; fileRef = 804467B824DF97D000011164 /* FirstTaskUITests.swift */; };
		804467C724DF98DF00011164 /* TaskList.swift in Sources */ = {isa = PBXBuildFile; fileRef = 804467C624DF98DF00011164 /* TaskList.swift */; };
		804467C924DF98F100011164 /* TaskRow.swift in Sources */ = {isa = PBXBuildFile; fileRef = 804467C824DF98F100011164 /* TaskRow.swift */; };
		804467CE24DFA33600011164 /* FabButton.swift in Sources */ = {isa = PBXBuildFile; fileRef = 804467CD24DFA33600011164 /* FabButton.swift */; };
		804467D024DFD7A900011164 /* FocusableTextField.swift in Sources */ = {isa = PBXBuildFile; fileRef = 804467CF24DFD7A900011164 /* FocusableTextField.swift */; };
		804467D224DFD80A00011164 /* BottomSheetModal.swift in Sources */ = {isa = PBXBuildFile; fileRef = 804467D124DFD80A00011164 /* BottomSheetModal.swift */; };
		804467D424E0260A00011164 /* Task+Extensions.swift in Sources */ = {isa = PBXBuildFile; fileRef = 804467D324E0260A00011164 /* Task+Extensions.swift */; };
		804467D624E02F0400011164 /* CoreDataSupport.swift in Sources */ = {isa = PBXBuildFile; fileRef = 804467D524E02F0400011164 /* CoreDataSupport.swift */; };
		80775DFF250907E8007ED383 /* AddTodayTagsOperation.swift in Sources */ = {isa = PBXBuildFile; fileRef = 80775DFE250907E8007ED383 /* AddTodayTagsOperation.swift */; };
		8089D1CE24E6BDAC00988D74 /* AppSettings.swift in Sources */ = {isa = PBXBuildFile; fileRef = 8089D1CD24E6BDAC00988D74 /* AppSettings.swift */; };
		80EF0E0F2511B554004D0C1C /* ModalState.swift in Sources */ = {isa = PBXBuildFile; fileRef = 80EF0E0E2511B554004D0C1C /* ModalState.swift */; };
/* End PBXBuildFile section */

/* Begin PBXContainerItemProxy section */
		804467AA24DF97D000011164 /* PBXContainerItemProxy */ = {
			isa = PBXContainerItemProxy;
			containerPortal = 8044678824DF97CC00011164 /* Project object */;
			proxyType = 1;
			remoteGlobalIDString = 8044678F24DF97CC00011164;
			remoteInfo = FirstTask;
		};
		804467B524DF97D000011164 /* PBXContainerItemProxy */ = {
			isa = PBXContainerItemProxy;
			containerPortal = 8044678824DF97CC00011164 /* Project object */;
			proxyType = 1;
			remoteGlobalIDString = 8044678F24DF97CC00011164;
			remoteInfo = FirstTask;
		};
/* End PBXContainerItemProxy section */

/* Begin PBXFileReference section */
		1905DA182507A22700D74BA7 /* CreateTodayTag.swift */ = {isa = PBXFileReference; lastKnownFileType = sourcecode.swift; path = CreateTodayTag.swift; sourceTree = "<group>"; };
		1905DA1A2507A5E700D74BA7 /* AddTodayTag.swift */ = {isa = PBXFileReference; lastKnownFileType = sourcecode.swift; path = AddTodayTag.swift; sourceTree = "<group>"; };
		1905DA1D2507ABAE00D74BA7 /* Date.swift */ = {isa = PBXFileReference; lastKnownFileType = sourcecode.swift; path = Date.swift; sourceTree = "<group>"; };
		193704A0252C0539004FF6A5 /* Project+Extensions.swift */ = {isa = PBXFileReference; lastKnownFileType = sourcecode.swift; path = "Project+Extensions.swift"; sourceTree = "<group>"; };
		193704AE252D46BD004FF6A5 /* ProjectAddView.swift */ = {isa = PBXFileReference; lastKnownFileType = sourcecode.swift; path = ProjectAddView.swift; sourceTree = "<group>"; };
		19484DC724F5302000824347 /* BottomTextFieldSheetModal.swift */ = {isa = PBXFileReference; lastKnownFileType = sourcecode.swift; path = BottomTextFieldSheetModal.swift; sourceTree = "<group>"; };
		1952D8AF24E6CF850008C975 /* KeyboardAwareModifier.swift */ = {isa = PBXFileReference; lastKnownFileType = sourcecode.swift; path = KeyboardAwareModifier.swift; sourceTree = "<group>"; };
		19578B6724FB065C0041B165 /* TagBubble.swift */ = {isa = PBXFileReference; lastKnownFileType = sourcecode.swift; path = TagBubble.swift; sourceTree = "<group>"; };
		197EA4CE2529A24C00317E53 /* TopView.swift */ = {isa = PBXFileReference; lastKnownFileType = sourcecode.swift; path = TopView.swift; sourceTree = "<group>"; };
		197EA4D62529A83500317E53 /* ProjectRow.swift */ = {isa = PBXFileReference; lastKnownFileType = sourcecode.swift; path = ProjectRow.swift; sourceTree = "<group>"; };
		198B13562537C10D00CDA3A6 /* ProjectSelectView.swift */ = {isa = PBXFileReference; lastKnownFileType = sourcecode.swift; path = ProjectSelectView.swift; sourceTree = "<group>"; };
		19C2489324E916D2001D04A3 /* MultilineTextField.swift */ = {isa = PBXFileReference; lastKnownFileType = sourcecode.swift; path = MultilineTextField.swift; sourceTree = "<group>"; };
		19DABEF8252EE90C000FB6AE /* ProjectFormView.swift */ = {isa = PBXFileReference; lastKnownFileType = sourcecode.swift; path = ProjectFormView.swift; sourceTree = "<group>"; };
		19DABEFD252EEB3B000FB6AE /* ProjectEditView.swift */ = {isa = PBXFileReference; lastKnownFileType = sourcecode.swift; path = ProjectEditView.swift; sourceTree = "<group>"; };
		19E6F1A22502FB78004561C8 /* SearchView.swift */ = {isa = PBXFileReference; lastKnownFileType = sourcecode.swift; path = SearchView.swift; sourceTree = "<group>"; };
		19F265BF253E60E70075D89F /* UIApplication.swift */ = {isa = PBXFileReference; lastKnownFileType = sourcecode.swift; path = UIApplication.swift; sourceTree = "<group>"; };
		19F5BA6724E5521A002B02CF /* TaskEditView.swift */ = {isa = PBXFileReference; lastKnownFileType = sourcecode.swift; path = TaskEditView.swift; sourceTree = "<group>"; };
		19F5BA6B24E57021002B02CF /* IMETextField.swift */ = {isa = PBXFileReference; lastKnownFileType = sourcecode.swift; path = IMETextField.swift; sourceTree = "<group>"; };
		19F8F4B924F218CC00F352EA /* SettingMenuView.swift */ = {isa = PBXFileReference; lastKnownFileType = sourcecode.swift; path = SettingMenuView.swift; sourceTree = "<group>"; };
		19F8F4BB24F2216900F352EA /* TagView.swift */ = {isa = PBXFileReference; lastKnownFileType = sourcecode.swift; path = TagView.swift; sourceTree = "<group>"; };
		8021776D24EFEFC50076A24C /* TagList.swift */ = {isa = PBXFileReference; lastKnownFileType = sourcecode.swift; path = TagList.swift; sourceTree = "<group>"; };
		8021776F24EFF0A30076A24C /* Tag+Extensions.swift */ = {isa = PBXFileReference; lastKnownFileType = sourcecode.swift; path = "Tag+Extensions.swift"; sourceTree = "<group>"; };
		8044679024DF97CC00011164 /* FirstTask.app */ = {isa = PBXFileReference; explicitFileType = wrapper.application; includeInIndex = 0; path = FirstTask.app; sourceTree = BUILT_PRODUCTS_DIR; };
		8044679324DF97CC00011164 /* AppDelegate.swift */ = {isa = PBXFileReference; lastKnownFileType = sourcecode.swift; path = AppDelegate.swift; sourceTree = "<group>"; };
		8044679524DF97CC00011164 /* SceneDelegate.swift */ = {isa = PBXFileReference; lastKnownFileType = sourcecode.swift; path = SceneDelegate.swift; sourceTree = "<group>"; };
		8044679824DF97CC00011164 /* FirstTask.xcdatamodel */ = {isa = PBXFileReference; lastKnownFileType = wrapper.xcdatamodel; path = FirstTask.xcdatamodel; sourceTree = "<group>"; };
		8044679A24DF97CC00011164 /* ContentView.swift */ = {isa = PBXFileReference; lastKnownFileType = sourcecode.swift; path = ContentView.swift; sourceTree = "<group>"; };
		8044679C24DF97D000011164 /* Assets.xcassets */ = {isa = PBXFileReference; lastKnownFileType = folder.assetcatalog; path = Assets.xcassets; sourceTree = "<group>"; };
		8044679F24DF97D000011164 /* Preview Assets.xcassets */ = {isa = PBXFileReference; lastKnownFileType = folder.assetcatalog; path = "Preview Assets.xcassets"; sourceTree = "<group>"; };
		804467A224DF97D000011164 /* Base */ = {isa = PBXFileReference; lastKnownFileType = file.storyboard; name = Base; path = Base.lproj/LaunchScreen.storyboard; sourceTree = "<group>"; };
		804467A424DF97D000011164 /* Info.plist */ = {isa = PBXFileReference; lastKnownFileType = text.plist.xml; path = Info.plist; sourceTree = "<group>"; };
		804467A924DF97D000011164 /* FirstTaskTests.xctest */ = {isa = PBXFileReference; explicitFileType = wrapper.cfbundle; includeInIndex = 0; path = FirstTaskTests.xctest; sourceTree = BUILT_PRODUCTS_DIR; };
		804467AD24DF97D000011164 /* FirstTaskTests.swift */ = {isa = PBXFileReference; lastKnownFileType = sourcecode.swift; path = FirstTaskTests.swift; sourceTree = "<group>"; };
		804467AF24DF97D000011164 /* Info.plist */ = {isa = PBXFileReference; lastKnownFileType = text.plist.xml; path = Info.plist; sourceTree = "<group>"; };
		804467B424DF97D000011164 /* FirstTaskUITests.xctest */ = {isa = PBXFileReference; explicitFileType = wrapper.cfbundle; includeInIndex = 0; path = FirstTaskUITests.xctest; sourceTree = BUILT_PRODUCTS_DIR; };
		804467B824DF97D000011164 /* FirstTaskUITests.swift */ = {isa = PBXFileReference; lastKnownFileType = sourcecode.swift; path = FirstTaskUITests.swift; sourceTree = "<group>"; };
		804467BA24DF97D000011164 /* Info.plist */ = {isa = PBXFileReference; lastKnownFileType = text.plist.xml; path = Info.plist; sourceTree = "<group>"; };
		804467C624DF98DF00011164 /* TaskList.swift */ = {isa = PBXFileReference; lastKnownFileType = sourcecode.swift; path = TaskList.swift; sourceTree = "<group>"; };
		804467C824DF98F100011164 /* TaskRow.swift */ = {isa = PBXFileReference; lastKnownFileType = sourcecode.swift; path = TaskRow.swift; sourceTree = "<group>"; };
		804467CD24DFA33600011164 /* FabButton.swift */ = {isa = PBXFileReference; lastKnownFileType = sourcecode.swift; path = FabButton.swift; sourceTree = "<group>"; };
		804467CF24DFD7A900011164 /* FocusableTextField.swift */ = {isa = PBXFileReference; lastKnownFileType = sourcecode.swift; path = FocusableTextField.swift; sourceTree = "<group>"; };
		804467D124DFD80A00011164 /* BottomSheetModal.swift */ = {isa = PBXFileReference; lastKnownFileType = sourcecode.swift; path = BottomSheetModal.swift; sourceTree = "<group>"; };
		804467D324E0260A00011164 /* Task+Extensions.swift */ = {isa = PBXFileReference; lastKnownFileType = sourcecode.swift; path = "Task+Extensions.swift"; sourceTree = "<group>"; };
		804467D524E02F0400011164 /* CoreDataSupport.swift */ = {isa = PBXFileReference; lastKnownFileType = sourcecode.swift; path = CoreDataSupport.swift; sourceTree = "<group>"; };
		8061E5CC2543056100CCBDFF /* GoogleService-Info-Debug.plist */ = {isa = PBXFileReference; lastKnownFileType = text.plist; path = "GoogleService-Info-Debug.plist"; sourceTree = "<group>"; };
		80775DFE250907E8007ED383 /* AddTodayTagsOperation.swift */ = {isa = PBXFileReference; lastKnownFileType = sourcecode.swift; path = AddTodayTagsOperation.swift; sourceTree = "<group>"; };
		8089D1CD24E6BDAC00988D74 /* AppSettings.swift */ = {isa = PBXFileReference; lastKnownFileType = sourcecode.swift; path = AppSettings.swift; sourceTree = "<group>"; };
		80EF0E0E2511B554004D0C1C /* ModalState.swift */ = {isa = PBXFileReference; lastKnownFileType = sourcecode.swift; path = ModalState.swift; sourceTree = "<group>"; };
/* End PBXFileReference section */

/* Begin PBXFrameworksBuildPhase section */
		8044678D24DF97CC00011164 /* Frameworks */ = {
			isa = PBXFrameworksBuildPhase;
			buildActionMask = 2147483647;
			files = (
				8018185D253D82590023A9B9 /* FirebaseCrashlytics in Frameworks */,
			);
			runOnlyForDeploymentPostprocessing = 0;
		};
		804467A624DF97D000011164 /* Frameworks */ = {
			isa = PBXFrameworksBuildPhase;
			buildActionMask = 2147483647;
			files = (
			);
			runOnlyForDeploymentPostprocessing = 0;
		};
		804467B124DF97D000011164 /* Frameworks */ = {
			isa = PBXFrameworksBuildPhase;
			buildActionMask = 2147483647;
			files = (
			);
			runOnlyForDeploymentPostprocessing = 0;
		};
/* End PBXFrameworksBuildPhase section */

/* Begin PBXGroup section */
		1905DA172507A1C500D74BA7 /* Use Case */ = {
			isa = PBXGroup;
			children = (
				1905DA1A2507A5E700D74BA7 /* AddTodayTag.swift */,
				1905DA182507A22700D74BA7 /* CreateTodayTag.swift */,
			);
			path = "Use Case";
			sourceTree = "<group>";
		};
		1905DA1C2507AB8C00D74BA7 /* Extension */ = {
			isa = PBXGroup;
			children = (
				1905DA1D2507ABAE00D74BA7 /* Date.swift */,
				19F265BF253E60E70075D89F /* UIApplication.swift */,
			);
			path = Extension;
			sourceTree = "<group>";
		};
		19A3EB2124FD09C50071C40B /* View */ = {
			isa = PBXGroup;
			children = (
				804467D124DFD80A00011164 /* BottomSheetModal.swift */,
				19484DC724F5302000824347 /* BottomTextFieldSheetModal.swift */,
				8044679A24DF97CC00011164 /* ContentView.swift */,
				804467CD24DFA33600011164 /* FabButton.swift */,
				193704AE252D46BD004FF6A5 /* ProjectAddView.swift */,
				19DABEFD252EEB3B000FB6AE /* ProjectEditView.swift */,
				19DABEF8252EE90C000FB6AE /* ProjectFormView.swift */,
				197EA4D62529A83500317E53 /* ProjectRow.swift */,
				198B13562537C10D00CDA3A6 /* ProjectSelectView.swift */,
				19E6F1A22502FB78004561C8 /* SearchView.swift */,
				19F8F4B924F218CC00F352EA /* SettingMenuView.swift */,
				19578B6724FB065C0041B165 /* TagBubble.swift */,
				8021776D24EFEFC50076A24C /* TagList.swift */,
				19F8F4BB24F2216900F352EA /* TagView.swift */,
				19F5BA6724E5521A002B02CF /* TaskEditView.swift */,
				804467C624DF98DF00011164 /* TaskList.swift */,
				804467C824DF98F100011164 /* TaskRow.swift */,
				197EA4CE2529A24C00317E53 /* TopView.swift */,
				19A3EB2224FD0A0B0071C40B /* UIKit */,
			);
			path = View;
			sourceTree = "<group>";
		};
		19A3EB2224FD0A0B0071C40B /* UIKit */ = {
			isa = PBXGroup;
			children = (
				804467CF24DFD7A900011164 /* FocusableTextField.swift */,
				19F5BA6B24E57021002B02CF /* IMETextField.swift */,
				1952D8AF24E6CF850008C975 /* KeyboardAwareModifier.swift */,
				19C2489324E916D2001D04A3 /* MultilineTextField.swift */,
			);
			path = UIKit;
			sourceTree = "<group>";
		};
		8044678724DF97CC00011164 = {
			isa = PBXGroup;
			children = (
				8044679224DF97CC00011164 /* FirstTask */,
				804467AC24DF97D000011164 /* FirstTaskTests */,
				804467B724DF97D000011164 /* FirstTaskUITests */,
				8044679124DF97CC00011164 /* Products */,
			);
			sourceTree = "<group>";
		};
		8044679124DF97CC00011164 /* Products */ = {
			isa = PBXGroup;
			children = (
				8044679024DF97CC00011164 /* FirstTask.app */,
				804467A924DF97D000011164 /* FirstTaskTests.xctest */,
				804467B424DF97D000011164 /* FirstTaskUITests.xctest */,
			);
			name = Products;
			sourceTree = "<group>";
		};
		8044679224DF97CC00011164 /* FirstTask */ = {
			isa = PBXGroup;
			children = (
				8044679324DF97CC00011164 /* AppDelegate.swift */,
				8044679C24DF97D000011164 /* Assets.xcassets */,
				8061E5C5254304EE00CCBDFF /* Configs */,
				804467D524E02F0400011164 /* CoreDataSupport.swift */,
				1905DA1C2507AB8C00D74BA7 /* Extension */,
				8044679724DF97CC00011164 /* FirstTask.xcdatamodeld */,
				804467A424DF97D000011164 /* Info.plist */,
				804467A124DF97D000011164 /* LaunchScreen.storyboard */,
				804467CA24DF99F800011164 /* Model */,
				80EF0E0D2511B52C004D0C1C /* ObservableObject */,
				80775DFD250907A6007ED383 /* Operation */,
				8044679E24DF97D000011164 /* Preview Content */,
				8044679524DF97CC00011164 /* SceneDelegate.swift */,
				1905DA172507A1C500D74BA7 /* Use Case */,
				19A3EB2124FD09C50071C40B /* View */,
			);
			path = FirstTask;
			sourceTree = "<group>";
		};
		8044679E24DF97D000011164 /* Preview Content */ = {
			isa = PBXGroup;
			children = (
				8044679F24DF97D000011164 /* Preview Assets.xcassets */,
			);
			path = "Preview Content";
			sourceTree = "<group>";
		};
		804467AC24DF97D000011164 /* FirstTaskTests */ = {
			isa = PBXGroup;
			children = (
				804467AD24DF97D000011164 /* FirstTaskTests.swift */,
				804467AF24DF97D000011164 /* Info.plist */,
			);
			path = FirstTaskTests;
			sourceTree = "<group>";
		};
		804467B724DF97D000011164 /* FirstTaskUITests */ = {
			isa = PBXGroup;
			children = (
				804467B824DF97D000011164 /* FirstTaskUITests.swift */,
				804467BA24DF97D000011164 /* Info.plist */,
			);
			path = FirstTaskUITests;
			sourceTree = "<group>";
		};
		804467CA24DF99F800011164 /* Model */ = {
			isa = PBXGroup;
			children = (
				193704A0252C0539004FF6A5 /* Project+Extensions.swift */,
				8021776F24EFF0A30076A24C /* Tag+Extensions.swift */,
				804467D324E0260A00011164 /* Task+Extensions.swift */,
			);
			path = Model;
			sourceTree = "<group>";
		};
		8061E5C5254304EE00CCBDFF /* Configs */ = {
			isa = PBXGroup;
			children = (
				8061E5CC2543056100CCBDFF /* GoogleService-Info-Debug.plist */,
			);
			path = Configs;
			sourceTree = "<group>";
		};
		80775DFD250907A6007ED383 /* Operation */ = {
			isa = PBXGroup;
			children = (
				80775DFE250907E8007ED383 /* AddTodayTagsOperation.swift */,
			);
			path = Operation;
			sourceTree = "<group>";
		};
		80EF0E0D2511B52C004D0C1C /* ObservableObject */ = {
			isa = PBXGroup;
			children = (
				8089D1CD24E6BDAC00988D74 /* AppSettings.swift */,
				80EF0E0E2511B554004D0C1C /* ModalState.swift */,
			);
			path = ObservableObject;
			sourceTree = "<group>";
		};
/* End PBXGroup section */

/* Begin PBXNativeTarget section */
		8044678F24DF97CC00011164 /* FirstTask */ = {
			isa = PBXNativeTarget;
			buildConfigurationList = 804467BD24DF97D000011164 /* Build configuration list for PBXNativeTarget "FirstTask" */;
			buildPhases = (
				8044678C24DF97CC00011164 /* Sources */,
				8044678D24DF97CC00011164 /* Frameworks */,
				8044678E24DF97CC00011164 /* Resources */,
				19F5BA6D24E69270002B02CF /* ShellScript */,
				8061E5D42543065C00CCBDFF /* ShellScript */,
				80CCDF58253F165A0026D041 /* ShellScript */,
			);
			buildRules = (
			);
			dependencies = (
			);
			name = FirstTask;
			packageProductDependencies = (
				8018185C253D82590023A9B9 /* FirebaseCrashlytics */,
			);
			productName = FirstTask;
			productReference = 8044679024DF97CC00011164 /* FirstTask.app */;
			productType = "com.apple.product-type.application";
		};
		804467A824DF97D000011164 /* FirstTaskTests */ = {
			isa = PBXNativeTarget;
			buildConfigurationList = 804467C024DF97D000011164 /* Build configuration list for PBXNativeTarget "FirstTaskTests" */;
			buildPhases = (
				804467A524DF97D000011164 /* Sources */,
				804467A624DF97D000011164 /* Frameworks */,
				804467A724DF97D000011164 /* Resources */,
			);
			buildRules = (
			);
			dependencies = (
				804467AB24DF97D000011164 /* PBXTargetDependency */,
			);
			name = FirstTaskTests;
			productName = FirstTaskTests;
			productReference = 804467A924DF97D000011164 /* FirstTaskTests.xctest */;
			productType = "com.apple.product-type.bundle.unit-test";
		};
		804467B324DF97D000011164 /* FirstTaskUITests */ = {
			isa = PBXNativeTarget;
			buildConfigurationList = 804467C324DF97D000011164 /* Build configuration list for PBXNativeTarget "FirstTaskUITests" */;
			buildPhases = (
				804467B024DF97D000011164 /* Sources */,
				804467B124DF97D000011164 /* Frameworks */,
				804467B224DF97D000011164 /* Resources */,
			);
			buildRules = (
			);
			dependencies = (
				804467B624DF97D000011164 /* PBXTargetDependency */,
			);
			name = FirstTaskUITests;
			productName = FirstTaskUITests;
			productReference = 804467B424DF97D000011164 /* FirstTaskUITests.xctest */;
			productType = "com.apple.product-type.bundle.ui-testing";
		};
/* End PBXNativeTarget section */

/* Begin PBXProject section */
		8044678824DF97CC00011164 /* Project object */ = {
			isa = PBXProject;
			attributes = {
				LastSwiftUpdateCheck = 1160;
				LastUpgradeCheck = 1160;
				ORGANIZATIONNAME = codefirst;
				TargetAttributes = {
					8044678F24DF97CC00011164 = {
						CreatedOnToolsVersion = 11.6;
					};
					804467A824DF97D000011164 = {
						CreatedOnToolsVersion = 11.6;
						TestTargetID = 8044678F24DF97CC00011164;
					};
					804467B324DF97D000011164 = {
						CreatedOnToolsVersion = 11.6;
						TestTargetID = 8044678F24DF97CC00011164;
					};
				};
			};
			buildConfigurationList = 8044678B24DF97CC00011164 /* Build configuration list for PBXProject "FirstTask" */;
			compatibilityVersion = "Xcode 9.3";
			developmentRegion = en;
			hasScannedForEncodings = 0;
			knownRegions = (
				en,
				Base,
			);
			mainGroup = 8044678724DF97CC00011164;
			packageReferences = (
				8018185B253D82590023A9B9 /* XCRemoteSwiftPackageReference "firebase-ios-sdk" */,
			);
			productRefGroup = 8044679124DF97CC00011164 /* Products */;
			projectDirPath = "";
			projectRoot = "";
			targets = (
				8044678F24DF97CC00011164 /* FirstTask */,
				804467A824DF97D000011164 /* FirstTaskTests */,
				804467B324DF97D000011164 /* FirstTaskUITests */,
			);
		};
/* End PBXProject section */

/* Begin PBXResourcesBuildPhase section */
		8044678E24DF97CC00011164 /* Resources */ = {
			isa = PBXResourcesBuildPhase;
			buildActionMask = 2147483647;
			files = (
				804467A324DF97D000011164 /* LaunchScreen.storyboard in Resources */,
				804467A024DF97D000011164 /* Preview Assets.xcassets in Resources */,
				8044679D24DF97D000011164 /* Assets.xcassets in Resources */,
			);
			runOnlyForDeploymentPostprocessing = 0;
		};
		804467A724DF97D000011164 /* Resources */ = {
			isa = PBXResourcesBuildPhase;
			buildActionMask = 2147483647;
			files = (
			);
			runOnlyForDeploymentPostprocessing = 0;
		};
		804467B224DF97D000011164 /* Resources */ = {
			isa = PBXResourcesBuildPhase;
			buildActionMask = 2147483647;
			files = (
			);
			runOnlyForDeploymentPostprocessing = 0;
		};
/* End PBXResourcesBuildPhase section */

/* Begin PBXShellScriptBuildPhase section */
		19F5BA6D24E69270002B02CF /* ShellScript */ = {
			isa = PBXShellScriptBuildPhase;
			buildActionMask = 2147483647;
			files = (
			);
			inputFileListPaths = (
			);
			inputPaths = (
			);
			outputFileListPaths = (
			);
			outputPaths = (
			);
			runOnlyForDeploymentPostprocessing = 0;
			shellPath = /bin/sh;
			shellScript = "if which swiftlint >/dev/null; then\n  swiftlint\nelse\n  echo \"warning: SwiftLint not installed, download from https://github.com/realm/SwiftLint\"\nfi\n";
		};
		8061E5D42543065C00CCBDFF /* ShellScript */ = {
			isa = PBXShellScriptBuildPhase;
			buildActionMask = 2147483647;
			files = (
			);
			inputFileListPaths = (
			);
			inputPaths = (
			);
			outputFileListPaths = (
			);
			outputPaths = (
			);
			runOnlyForDeploymentPostprocessing = 0;
			shellPath = /bin/sh;
			shellScript = "if [ \"${CONFIGURATION}\" == \"Release\" ]; then\n  cp \"${PROJECT_DIR}/${PROJECT_NAME}/Configs/GoogleService-Info-Release.plist\" \"${BUILT_PRODUCTS_DIR}/${PRODUCT_NAME}.app/GoogleService-Info.plist\"\nelse\n  cp \"${PROJECT_DIR}/${PROJECT_NAME}/Configs/GoogleService-Info-Debug.plist\" \"${BUILT_PRODUCTS_DIR}/${PRODUCT_NAME}.app/GoogleService-Info.plist\"\nfi\n\n";
		};
		80CCDF58253F165A0026D041 /* ShellScript */ = {
			isa = PBXShellScriptBuildPhase;
			buildActionMask = 2147483647;
			files = (
			);
			inputFileListPaths = (
			);
			inputPaths = (
				"${DWARF_DSYM_FOLDER_PATH}/${DWARF_DSYM_FILE_NAME}/Contents/Resources/DWARF/${TARGET_NAME}",
				"$(SRCROOT)/$(BUILT_PRODUCTS_DIR)/$(INFOPLIST_PATH)",
			);
			outputFileListPaths = (
			);
			outputPaths = (
			);
			runOnlyForDeploymentPostprocessing = 0;
			shellPath = /bin/sh;
			shellScript = "${BUILD_DIR%Build/*}SourcePackages/checkouts/firebase-ios-sdk/Crashlytics/run\n";
		};
/* End PBXShellScriptBuildPhase section */

/* Begin PBXSourcesBuildPhase section */
		8044678C24DF97CC00011164 /* Sources */ = {
			isa = PBXSourcesBuildPhase;
			buildActionMask = 2147483647;
			files = (
				19F265C0253E60E70075D89F /* UIApplication.swift in Sources */,
				197EA4D72529A83500317E53 /* ProjectRow.swift in Sources */,
				1905DA192507A22700D74BA7 /* CreateTodayTag.swift in Sources */,
				8021777024EFF0A30076A24C /* Tag+Extensions.swift in Sources */,
				19F5BA6C24E57021002B02CF /* IMETextField.swift in Sources */,
				80775DFF250907E8007ED383 /* AddTodayTagsOperation.swift in Sources */,
				19578B6824FB065C0041B165 /* TagBubble.swift in Sources */,
				193704A1252C0539004FF6A5 /* Project+Extensions.swift in Sources */,
				19484DC824F5302000824347 /* BottomTextFieldSheetModal.swift in Sources */,
				1952D8B024E6CF850008C975 /* KeyboardAwareModifier.swift in Sources */,
				1905DA1B2507A5E700D74BA7 /* AddTodayTag.swift in Sources */,
				198B13572537C10D00CDA3A6 /* ProjectSelectView.swift in Sources */,
				193704AF252D46BD004FF6A5 /* ProjectAddView.swift in Sources */,
				8044679424DF97CC00011164 /* AppDelegate.swift in Sources */,
				19F8F4BA24F218CC00F352EA /* SettingMenuView.swift in Sources */,
				8089D1CE24E6BDAC00988D74 /* AppSettings.swift in Sources */,
				804467C724DF98DF00011164 /* TaskList.swift in Sources */,
				1905DA1E2507ABAE00D74BA7 /* Date.swift in Sources */,
				8044679924DF97CC00011164 /* FirstTask.xcdatamodeld in Sources */,
				8021776E24EFEFC50076A24C /* TagList.swift in Sources */,
				804467CE24DFA33600011164 /* FabButton.swift in Sources */,
				804467D624E02F0400011164 /* CoreDataSupport.swift in Sources */,
				19DABEF9252EE90C000FB6AE /* ProjectFormView.swift in Sources */,
				19E6F1A32502FB78004561C8 /* SearchView.swift in Sources */,
				19F8F4BC24F2216900F352EA /* TagView.swift in Sources */,
				804467C924DF98F100011164 /* TaskRow.swift in Sources */,
				80EF0E0F2511B554004D0C1C /* ModalState.swift in Sources */,
				804467D024DFD7A900011164 /* FocusableTextField.swift in Sources */,
				804467D424E0260A00011164 /* Task+Extensions.swift in Sources */,
				8044679B24DF97CC00011164 /* ContentView.swift in Sources */,
				19F5BA6824E5521A002B02CF /* TaskEditView.swift in Sources */,
				804467D224DFD80A00011164 /* BottomSheetModal.swift in Sources */,
				197EA4CF2529A24C00317E53 /* TopView.swift in Sources */,
				8044679624DF97CC00011164 /* SceneDelegate.swift in Sources */,
				19DABEFE252EEB3B000FB6AE /* ProjectEditView.swift in Sources */,
				19C2489424E916D2001D04A3 /* MultilineTextField.swift in Sources */,
			);
			runOnlyForDeploymentPostprocessing = 0;
		};
		804467A524DF97D000011164 /* Sources */ = {
			isa = PBXSourcesBuildPhase;
			buildActionMask = 2147483647;
			files = (
				804467AE24DF97D000011164 /* FirstTaskTests.swift in Sources */,
			);
			runOnlyForDeploymentPostprocessing = 0;
		};
		804467B024DF97D000011164 /* Sources */ = {
			isa = PBXSourcesBuildPhase;
			buildActionMask = 2147483647;
			files = (
				804467B924DF97D000011164 /* FirstTaskUITests.swift in Sources */,
			);
			runOnlyForDeploymentPostprocessing = 0;
		};
/* End PBXSourcesBuildPhase section */

/* Begin PBXTargetDependency section */
		804467AB24DF97D000011164 /* PBXTargetDependency */ = {
			isa = PBXTargetDependency;
			target = 8044678F24DF97CC00011164 /* FirstTask */;
			targetProxy = 804467AA24DF97D000011164 /* PBXContainerItemProxy */;
		};
		804467B624DF97D000011164 /* PBXTargetDependency */ = {
			isa = PBXTargetDependency;
			target = 8044678F24DF97CC00011164 /* FirstTask */;
			targetProxy = 804467B524DF97D000011164 /* PBXContainerItemProxy */;
		};
/* End PBXTargetDependency section */

/* Begin PBXVariantGroup section */
		804467A124DF97D000011164 /* LaunchScreen.storyboard */ = {
			isa = PBXVariantGroup;
			children = (
				804467A224DF97D000011164 /* Base */,
			);
			name = LaunchScreen.storyboard;
			sourceTree = "<group>";
		};
/* End PBXVariantGroup section */

/* Begin XCBuildConfiguration section */
		804467BB24DF97D000011164 /* Debug */ = {
			isa = XCBuildConfiguration;
			buildSettings = {
				ALWAYS_SEARCH_USER_PATHS = NO;
				CLANG_ANALYZER_NONNULL = YES;
				CLANG_ANALYZER_NUMBER_OBJECT_CONVERSION = YES_AGGRESSIVE;
				CLANG_CXX_LANGUAGE_STANDARD = "gnu++14";
				CLANG_CXX_LIBRARY = "libc++";
				CLANG_ENABLE_MODULES = YES;
				CLANG_ENABLE_OBJC_ARC = YES;
				CLANG_ENABLE_OBJC_WEAK = YES;
				CLANG_WARN_BLOCK_CAPTURE_AUTORELEASING = YES;
				CLANG_WARN_BOOL_CONVERSION = YES;
				CLANG_WARN_COMMA = YES;
				CLANG_WARN_CONSTANT_CONVERSION = YES;
				CLANG_WARN_DEPRECATED_OBJC_IMPLEMENTATIONS = YES;
				CLANG_WARN_DIRECT_OBJC_ISA_USAGE = YES_ERROR;
				CLANG_WARN_DOCUMENTATION_COMMENTS = YES;
				CLANG_WARN_EMPTY_BODY = YES;
				CLANG_WARN_ENUM_CONVERSION = YES;
				CLANG_WARN_INFINITE_RECURSION = YES;
				CLANG_WARN_INT_CONVERSION = YES;
				CLANG_WARN_NON_LITERAL_NULL_CONVERSION = YES;
				CLANG_WARN_OBJC_IMPLICIT_RETAIN_SELF = YES;
				CLANG_WARN_OBJC_LITERAL_CONVERSION = YES;
				CLANG_WARN_OBJC_ROOT_CLASS = YES_ERROR;
				CLANG_WARN_RANGE_LOOP_ANALYSIS = YES;
				CLANG_WARN_STRICT_PROTOTYPES = YES;
				CLANG_WARN_SUSPICIOUS_MOVE = YES;
				CLANG_WARN_UNGUARDED_AVAILABILITY = YES_AGGRESSIVE;
				CLANG_WARN_UNREACHABLE_CODE = YES;
				CLANG_WARN__DUPLICATE_METHOD_MATCH = YES;
				COPY_PHASE_STRIP = NO;
				DEBUG_INFORMATION_FORMAT = dwarf;
				ENABLE_STRICT_OBJC_MSGSEND = YES;
				ENABLE_TESTABILITY = YES;
				GCC_C_LANGUAGE_STANDARD = gnu11;
				GCC_DYNAMIC_NO_PIC = NO;
				GCC_NO_COMMON_BLOCKS = YES;
				GCC_OPTIMIZATION_LEVEL = 0;
				GCC_PREPROCESSOR_DEFINITIONS = (
					"DEBUG=1",
					"$(inherited)",
				);
				GCC_WARN_64_TO_32_BIT_CONVERSION = YES;
				GCC_WARN_ABOUT_RETURN_TYPE = YES_ERROR;
				GCC_WARN_UNDECLARED_SELECTOR = YES;
				GCC_WARN_UNINITIALIZED_AUTOS = YES_AGGRESSIVE;
				GCC_WARN_UNUSED_FUNCTION = YES;
				GCC_WARN_UNUSED_VARIABLE = YES;
				IPHONEOS_DEPLOYMENT_TARGET = 13.5;
				MTL_ENABLE_DEBUG_INFO = INCLUDE_SOURCE;
				MTL_FAST_MATH = YES;
				ONLY_ACTIVE_ARCH = YES;
				SDKROOT = iphoneos;
				SWIFT_ACTIVE_COMPILATION_CONDITIONS = DEBUG;
				SWIFT_OPTIMIZATION_LEVEL = "-Onone";
			};
			name = Debug;
		};
		804467BC24DF97D000011164 /* Release */ = {
			isa = XCBuildConfiguration;
			buildSettings = {
				ALWAYS_SEARCH_USER_PATHS = NO;
				CLANG_ANALYZER_NONNULL = YES;
				CLANG_ANALYZER_NUMBER_OBJECT_CONVERSION = YES_AGGRESSIVE;
				CLANG_CXX_LANGUAGE_STANDARD = "gnu++14";
				CLANG_CXX_LIBRARY = "libc++";
				CLANG_ENABLE_MODULES = YES;
				CLANG_ENABLE_OBJC_ARC = YES;
				CLANG_ENABLE_OBJC_WEAK = YES;
				CLANG_WARN_BLOCK_CAPTURE_AUTORELEASING = YES;
				CLANG_WARN_BOOL_CONVERSION = YES;
				CLANG_WARN_COMMA = YES;
				CLANG_WARN_CONSTANT_CONVERSION = YES;
				CLANG_WARN_DEPRECATED_OBJC_IMPLEMENTATIONS = YES;
				CLANG_WARN_DIRECT_OBJC_ISA_USAGE = YES_ERROR;
				CLANG_WARN_DOCUMENTATION_COMMENTS = YES;
				CLANG_WARN_EMPTY_BODY = YES;
				CLANG_WARN_ENUM_CONVERSION = YES;
				CLANG_WARN_INFINITE_RECURSION = YES;
				CLANG_WARN_INT_CONVERSION = YES;
				CLANG_WARN_NON_LITERAL_NULL_CONVERSION = YES;
				CLANG_WARN_OBJC_IMPLICIT_RETAIN_SELF = YES;
				CLANG_WARN_OBJC_LITERAL_CONVERSION = YES;
				CLANG_WARN_OBJC_ROOT_CLASS = YES_ERROR;
				CLANG_WARN_RANGE_LOOP_ANALYSIS = YES;
				CLANG_WARN_STRICT_PROTOTYPES = YES;
				CLANG_WARN_SUSPICIOUS_MOVE = YES;
				CLANG_WARN_UNGUARDED_AVAILABILITY = YES_AGGRESSIVE;
				CLANG_WARN_UNREACHABLE_CODE = YES;
				CLANG_WARN__DUPLICATE_METHOD_MATCH = YES;
				COPY_PHASE_STRIP = NO;
				DEBUG_INFORMATION_FORMAT = "dwarf-with-dsym";
				ENABLE_NS_ASSERTIONS = NO;
				ENABLE_STRICT_OBJC_MSGSEND = YES;
				GCC_C_LANGUAGE_STANDARD = gnu11;
				GCC_NO_COMMON_BLOCKS = YES;
				GCC_WARN_64_TO_32_BIT_CONVERSION = YES;
				GCC_WARN_ABOUT_RETURN_TYPE = YES_ERROR;
				GCC_WARN_UNDECLARED_SELECTOR = YES;
				GCC_WARN_UNINITIALIZED_AUTOS = YES_AGGRESSIVE;
				GCC_WARN_UNUSED_FUNCTION = YES;
				GCC_WARN_UNUSED_VARIABLE = YES;
				IPHONEOS_DEPLOYMENT_TARGET = 13.5;
				MTL_ENABLE_DEBUG_INFO = NO;
				MTL_FAST_MATH = YES;
				SDKROOT = iphoneos;
				SWIFT_COMPILATION_MODE = wholemodule;
				SWIFT_OPTIMIZATION_LEVEL = "-O";
				VALIDATE_PRODUCT = YES;
			};
			name = Release;
		};
		804467BE24DF97D000011164 /* Debug */ = {
			isa = XCBuildConfiguration;
			buildSettings = {
				ASSETCATALOG_COMPILER_APPICON_NAME = AppIcon;
				CODE_SIGN_STYLE = Automatic;
				DEBUG_INFORMATION_FORMAT = "dwarf-with-dsym";
				DEVELOPMENT_ASSET_PATHS = "\"FirstTask/Preview Content\"";
				DEVELOPMENT_TEAM = "";
				ENABLE_PREVIEWS = YES;
				INFOPLIST_FILE = FirstTask/Info.plist;
				LD_RUNPATH_SEARCH_PATHS = (
					"$(inherited)",
					"@executable_path/Frameworks",
				);
				PRODUCT_BUNDLE_IDENTIFIER = org.codefirst.FirstTask;
				PRODUCT_NAME = "$(TARGET_NAME)";
				SWIFT_VERSION = 5.0;
				TARGETED_DEVICE_FAMILY = "1,2";
			};
			name = Debug;
		};
		804467BF24DF97D000011164 /* Release */ = {
			isa = XCBuildConfiguration;
			buildSettings = {
				ASSETCATALOG_COMPILER_APPICON_NAME = AppIcon;
				CODE_SIGN_STYLE = Automatic;
				DEVELOPMENT_ASSET_PATHS = "\"FirstTask/Preview Content\"";
				DEVELOPMENT_TEAM = "";
				ENABLE_PREVIEWS = YES;
				INFOPLIST_FILE = FirstTask/Info.plist;
				LD_RUNPATH_SEARCH_PATHS = (
					"$(inherited)",
					"@executable_path/Frameworks",
				);
				PRODUCT_BUNDLE_IDENTIFIER = org.codefirst.FirstTask;
				PRODUCT_NAME = "$(TARGET_NAME)";
				SWIFT_VERSION = 5.0;
				TARGETED_DEVICE_FAMILY = "1,2";
			};
			name = Release;
		};
		804467C124DF97D000011164 /* Debug */ = {
			isa = XCBuildConfiguration;
			buildSettings = {
				ALWAYS_EMBED_SWIFT_STANDARD_LIBRARIES = YES;
				BUNDLE_LOADER = "$(TEST_HOST)";
				CODE_SIGN_STYLE = Automatic;
				INFOPLIST_FILE = FirstTaskTests/Info.plist;
				IPHONEOS_DEPLOYMENT_TARGET = 13.6;
				LD_RUNPATH_SEARCH_PATHS = (
					"$(inherited)",
					"@executable_path/Frameworks",
					"@loader_path/Frameworks",
				);
				PRODUCT_BUNDLE_IDENTIFIER = codefirst.FirstTaskTests;
				PRODUCT_NAME = "$(TARGET_NAME)";
				SWIFT_VERSION = 5.0;
				TARGETED_DEVICE_FAMILY = "1,2";
				TEST_HOST = "$(BUILT_PRODUCTS_DIR)/FirstTask.app/FirstTask";
			};
			name = Debug;
		};
		804467C224DF97D000011164 /* Release */ = {
			isa = XCBuildConfiguration;
			buildSettings = {
				ALWAYS_EMBED_SWIFT_STANDARD_LIBRARIES = YES;
				BUNDLE_LOADER = "$(TEST_HOST)";
				CODE_SIGN_STYLE = Automatic;
				INFOPLIST_FILE = FirstTaskTests/Info.plist;
				IPHONEOS_DEPLOYMENT_TARGET = 13.6;
				LD_RUNPATH_SEARCH_PATHS = (
					"$(inherited)",
					"@executable_path/Frameworks",
					"@loader_path/Frameworks",
				);
				PRODUCT_BUNDLE_IDENTIFIER = codefirst.FirstTaskTests;
				PRODUCT_NAME = "$(TARGET_NAME)";
				SWIFT_VERSION = 5.0;
				TARGETED_DEVICE_FAMILY = "1,2";
				TEST_HOST = "$(BUILT_PRODUCTS_DIR)/FirstTask.app/FirstTask";
			};
			name = Release;
		};
		804467C424DF97D000011164 /* Debug */ = {
			isa = XCBuildConfiguration;
			buildSettings = {
				ALWAYS_EMBED_SWIFT_STANDARD_LIBRARIES = YES;
				CODE_SIGN_STYLE = Automatic;
				INFOPLIST_FILE = FirstTaskUITests/Info.plist;
				LD_RUNPATH_SEARCH_PATHS = (
					"$(inherited)",
					"@executable_path/Frameworks",
					"@loader_path/Frameworks",
				);
				PRODUCT_BUNDLE_IDENTIFIER = codefirst.FirstTaskUITests;
				PRODUCT_NAME = "$(TARGET_NAME)";
				SWIFT_VERSION = 5.0;
				TARGETED_DEVICE_FAMILY = "1,2";
				TEST_TARGET_NAME = FirstTask;
			};
			name = Debug;
		};
		804467C524DF97D000011164 /* Release */ = {
			isa = XCBuildConfiguration;
			buildSettings = {
				ALWAYS_EMBED_SWIFT_STANDARD_LIBRARIES = YES;
				CODE_SIGN_STYLE = Automatic;
				INFOPLIST_FILE = FirstTaskUITests/Info.plist;
				LD_RUNPATH_SEARCH_PATHS = (
					"$(inherited)",
					"@executable_path/Frameworks",
					"@loader_path/Frameworks",
				);
				PRODUCT_BUNDLE_IDENTIFIER = codefirst.FirstTaskUITests;
				PRODUCT_NAME = "$(TARGET_NAME)";
				SWIFT_VERSION = 5.0;
				TARGETED_DEVICE_FAMILY = "1,2";
				TEST_TARGET_NAME = FirstTask;
			};
			name = Release;
		};
/* End XCBuildConfiguration section */

/* Begin XCConfigurationList section */
		8044678B24DF97CC00011164 /* Build configuration list for PBXProject "FirstTask" */ = {
			isa = XCConfigurationList;
			buildConfigurations = (
				804467BB24DF97D000011164 /* Debug */,
				804467BC24DF97D000011164 /* Release */,
			);
			defaultConfigurationIsVisible = 0;
			defaultConfigurationName = Release;
		};
		804467BD24DF97D000011164 /* Build configuration list for PBXNativeTarget "FirstTask" */ = {
			isa = XCConfigurationList;
			buildConfigurations = (
				804467BE24DF97D000011164 /* Debug */,
				804467BF24DF97D000011164 /* Release */,
			);
			defaultConfigurationIsVisible = 0;
			defaultConfigurationName = Release;
		};
		804467C024DF97D000011164 /* Build configuration list for PBXNativeTarget "FirstTaskTests" */ = {
			isa = XCConfigurationList;
			buildConfigurations = (
				804467C124DF97D000011164 /* Debug */,
				804467C224DF97D000011164 /* Release */,
			);
			defaultConfigurationIsVisible = 0;
			defaultConfigurationName = Release;
		};
		804467C324DF97D000011164 /* Build configuration list for PBXNativeTarget "FirstTaskUITests" */ = {
			isa = XCConfigurationList;
			buildConfigurations = (
				804467C424DF97D000011164 /* Debug */,
				804467C524DF97D000011164 /* Release */,
			);
			defaultConfigurationIsVisible = 0;
			defaultConfigurationName = Release;
		};
/* End XCConfigurationList section */

/* Begin XCRemoteSwiftPackageReference section */
		8018185B253D82590023A9B9 /* XCRemoteSwiftPackageReference "firebase-ios-sdk" */ = {
			isa = XCRemoteSwiftPackageReference;
			repositoryURL = "https://github.com/firebase/firebase-ios-sdk.git";
			requirement = {
				branch = "6.34-spm-beta";
				kind = branch;
			};
		};
/* End XCRemoteSwiftPackageReference section */

/* Begin XCSwiftPackageProductDependency section */
		8018185C253D82590023A9B9 /* FirebaseCrashlytics */ = {
			isa = XCSwiftPackageProductDependency;
			package = 8018185B253D82590023A9B9 /* XCRemoteSwiftPackageReference "firebase-ios-sdk" */;
			productName = FirebaseCrashlytics;
		};
/* End XCSwiftPackageProductDependency section */

/* Begin XCVersionGroup section */
		8044679724DF97CC00011164 /* FirstTask.xcdatamodeld */ = {
			isa = XCVersionGroup;
			children = (
				8044679824DF97CC00011164 /* FirstTask.xcdatamodel */,
			);
			currentVersion = 8044679824DF97CC00011164 /* FirstTask.xcdatamodel */;
			path = FirstTask.xcdatamodeld;
			sourceTree = "<group>";
			versionGroupType = wrapper.xcdatamodel;
		};
/* End XCVersionGroup section */
	};
	rootObject = 8044678824DF97CC00011164 /* Project object */;
}
